
Microsoft Visual Studio Solution File, Format Version 12.00
# Visual Studio Version 16
VisualStudioVersion = 16.0.32602.291
MinimumVisualStudioVersion = 10.0.40219.1
Project("{FAE04EC0-301F-11D3-BF4B-00C04F79EFBC}") = "Lesson 3", "Lesson 3\Lesson 3.csproj", "{09A8F73B-8E13-4193-9E52-461456DE0D64}"
EndProject
Global
	GlobalSection(SolutionConfigurationPlatforms) = preSolution
		Debug|Any CPU = Debug|Any CPU
		Release|Any CPU = Release|Any CPU
	EndGlobalSection
	GlobalSection(ProjectConfigurationPlatforms) = postSolution
		{09A8F73B-8E13-4193-9E52-461456DE0D64}.Debug|Any CPU.ActiveCfg = Debug|Any CPU
		{09A8F73B-8E13-4193-9E52-461456DE0D64}.Debug|Any CPU.Build.0 = Debug|Any CPU
		{09A8F73B-8E13-4193-9E52-461456DE0D64}.Release|Any CPU.ActiveCfg = Release|Any CPU
		{09A8F73B-8E13-4193-9E52-461456DE0D64}.Release|Any CPU.Build.0 = Release|Any CPU
	EndGlobalSection
	GlobalSection(SolutionProperties) = preSolution
		HideSolutionNode = FALSE
	EndGlobalSection
	GlobalSection(ExtensibilityGlobals) = postSolution
		SolutionGuid = {3CDB1C92-45CB-42A4-B0F4-185850594AA4}
	EndGlobalSection
EndGlobal
